
Microsoft Visual Studio Solution File, Format Version 12.00
# Visual Studio Version 17
VisualStudioVersion = 17.0.31903.59
MinimumVisualStudioVersion = 10.0.40219.1
Project("{9A19103F-16F7-4668-BE54-9A1E7A4F7556}") = "Gruppo3.Clienti.Domain", "Gruppo3.Clienti.Domain\Gruppo3.Clienti.Domain.csproj", "{E070620C-C701-4C09-9F5D-357B222746D9}"
EndProject
Project("{9A19103F-16F7-4668-BE54-9A1E7A4F7556}") = "Gruppo3.Clienti.WebAPI", "Gruppo3.Clienti.WebAPI\Gruppo3.Clienti.WebAPI.csproj", "{4C1A2A5B-ADF2-4457-856F-A798C167FC1D}"
EndProject
Project("{9A19103F-16F7-4668-BE54-9A1E7A4F7556}") = "Gruppo3.Clienti.Application", "Gruppo3.Clienti.Application\Gruppo3.Clienti.Application.csproj", "{4D70F020-C73C-4183-9595-1422C6B2C37C}"
EndProject
Project("{9A19103F-16F7-4668-BE54-9A1E7A4F7556}") = "Gruppo3.Clienti.Infrastructure", "Gruppo3.Clienti.Infrastructure\Gruppo3.Clienti.Infrastructure.csproj", "{88D3DC61-8461-44E8-8239-0C8A6A1E5F0E}"
EndProject
Project("{9A19103F-16F7-4668-BE54-9A1E7A4F7556}") = "Gruppo3.Clienti.Core", "Gruppo3.Clienti.Core\Gruppo3.Clienti.Core.csproj", "{29BF5170-1508-40FE-994D-1A0338465E9B}"
EndProject
Project("{9A19103F-16F7-4668-BE54-9A1E7A4F7556}") = "Gruppo4MicroserviziDTO", "..\..\..\Gruppo4-Microservizi-DTO\Gruppo4MicroserviziDTO.csproj", "{C1E0DBA7-F57F-4CD0-AE8C-3291FB34DE67}"
EndProject
Global
	GlobalSection(SolutionConfigurationPlatforms) = preSolution
		Debug|Any CPU = Debug|Any CPU
		Release|Any CPU = Release|Any CPU
	EndGlobalSection
	GlobalSection(ProjectConfigurationPlatforms) = postSolution
		{E070620C-C701-4C09-9F5D-357B222746D9}.Debug|Any CPU.ActiveCfg = Debug|Any CPU
		{E070620C-C701-4C09-9F5D-357B222746D9}.Debug|Any CPU.Build.0 = Debug|Any CPU
		{E070620C-C701-4C09-9F5D-357B222746D9}.Release|Any CPU.ActiveCfg = Release|Any CPU
		{E070620C-C701-4C09-9F5D-357B222746D9}.Release|Any CPU.Build.0 = Release|Any CPU
		{4C1A2A5B-ADF2-4457-856F-A798C167FC1D}.Debug|Any CPU.ActiveCfg = Debug|Any CPU
		{4C1A2A5B-ADF2-4457-856F-A798C167FC1D}.Debug|Any CPU.Build.0 = Debug|Any CPU
		{4C1A2A5B-ADF2-4457-856F-A798C167FC1D}.Release|Any CPU.ActiveCfg = Release|Any CPU
		{4C1A2A5B-ADF2-4457-856F-A798C167FC1D}.Release|Any CPU.Build.0 = Release|Any CPU
		{4D70F020-C73C-4183-9595-1422C6B2C37C}.Debug|Any CPU.ActiveCfg = Debug|Any CPU
		{4D70F020-C73C-4183-9595-1422C6B2C37C}.Debug|Any CPU.Build.0 = Debug|Any CPU
		{4D70F020-C73C-4183-9595-1422C6B2C37C}.Release|Any CPU.ActiveCfg = Release|Any CPU
		{4D70F020-C73C-4183-9595-1422C6B2C37C}.Release|Any CPU.Build.0 = Release|Any CPU
		{88D3DC61-8461-44E8-8239-0C8A6A1E5F0E}.Debug|Any CPU.ActiveCfg = Debug|Any CPU
		{88D3DC61-8461-44E8-8239-0C8A6A1E5F0E}.Debug|Any CPU.Build.0 = Debug|Any CPU
		{88D3DC61-8461-44E8-8239-0C8A6A1E5F0E}.Release|Any CPU.ActiveCfg = Release|Any CPU
		{88D3DC61-8461-44E8-8239-0C8A6A1E5F0E}.Release|Any CPU.Build.0 = Release|Any CPU
		{29BF5170-1508-40FE-994D-1A0338465E9B}.Debug|Any CPU.ActiveCfg = Debug|Any CPU
		{29BF5170-1508-40FE-994D-1A0338465E9B}.Debug|Any CPU.Build.0 = Debug|Any CPU
		{29BF5170-1508-40FE-994D-1A0338465E9B}.Release|Any CPU.ActiveCfg = Release|Any CPU
		{29BF5170-1508-40FE-994D-1A0338465E9B}.Release|Any CPU.Build.0 = Release|Any CPU
		{C1E0DBA7-F57F-4CD0-AE8C-3291FB34DE67}.Debug|Any CPU.ActiveCfg = Debug|Any CPU
		{C1E0DBA7-F57F-4CD0-AE8C-3291FB34DE67}.Debug|Any CPU.Build.0 = Debug|Any CPU
		{C1E0DBA7-F57F-4CD0-AE8C-3291FB34DE67}.Release|Any CPU.ActiveCfg = Release|Any CPU
		{C1E0DBA7-F57F-4CD0-AE8C-3291FB34DE67}.Release|Any CPU.Build.0 = Release|Any CPU
	EndGlobalSection
	GlobalSection(SolutionProperties) = preSolution
		HideSolutionNode = FALSE
	EndGlobalSection
	GlobalSection(ExtensibilityGlobals) = postSolution
		SolutionGuid = {7C314EE1-8A5A-4792-B371-7F08357D7B6D}
	EndGlobalSection
EndGlobal
